
Microsoft Visual Studio Solution File, Format Version 12.00
# Visual Studio 2013
VisualStudioVersion = 12.0.30501.0
MinimumVisualStudioVersion = 10.0.40219.1
Project("{FAE04EC0-301F-11D3-BF4B-00C04F79EFBC}") = "RectangleAnalyzer.Core", "RectangleAnalyzer.Core\RectangleAnalyzer.Core.csproj", "{77B7D4D5-6800-4B96-B909-7D7515750D27}"
EndProject
Project("{FAE04EC0-301F-11D3-BF4B-00C04F79EFBC}") = "RectangleAnalyzer.Tests", "RectangleAnalyzer.Tests\RectangleAnalyzer.Tests.csproj", "{0D7E3233-43E1-40DE-9685-25372E49B587}"
EndProject
Project("{FAE04EC0-301F-11D3-BF4B-00C04F79EFBC}") = "RectangleAnalyzer.Web", "RectangleAnalyzer.Web\RectangleAnalyzer.Web.csproj", "{E4BEB876-7446-4FDE-B87A-D50426F7F694}"
EndProject
Global
	GlobalSection(SolutionConfigurationPlatforms) = preSolution
		Debug|Any CPU = Debug|Any CPU
		Release|Any CPU = Release|Any CPU
	EndGlobalSection
	GlobalSection(ProjectConfigurationPlatforms) = postSolution
		{77B7D4D5-6800-4B96-B909-7D7515750D27}.Debug|Any CPU.ActiveCfg = Debug|Any CPU
		{77B7D4D5-6800-4B96-B909-7D7515750D27}.Debug|Any CPU.Build.0 = Debug|Any CPU
		{77B7D4D5-6800-4B96-B909-7D7515750D27}.Release|Any CPU.ActiveCfg = Release|Any CPU
		{77B7D4D5-6800-4B96-B909-7D7515750D27}.Release|Any CPU.Build.0 = Release|Any CPU
		{0D7E3233-43E1-40DE-9685-25372E49B587}.Debug|Any CPU.ActiveCfg = Debug|Any CPU
		{0D7E3233-43E1-40DE-9685-25372E49B587}.Debug|Any CPU.Build.0 = Debug|Any CPU
		{0D7E3233-43E1-40DE-9685-25372E49B587}.Release|Any CPU.ActiveCfg = Release|Any CPU
		{0D7E3233-43E1-40DE-9685-25372E49B587}.Release|Any CPU.Build.0 = Release|Any CPU
		{E4BEB876-7446-4FDE-B87A-D50426F7F694}.Debug|Any CPU.ActiveCfg = Debug|Any CPU
		{E4BEB876-7446-4FDE-B87A-D50426F7F694}.Debug|Any CPU.Build.0 = Debug|Any CPU
		{E4BEB876-7446-4FDE-B87A-D50426F7F694}.Release|Any CPU.ActiveCfg = Release|Any CPU
		{E4BEB876-7446-4FDE-B87A-D50426F7F694}.Release|Any CPU.Build.0 = Release|Any CPU
	EndGlobalSection
	GlobalSection(SolutionProperties) = preSolution
		HideSolutionNode = FALSE
	EndGlobalSection
EndGlobal
